<?xml version="1.0" encoding="utf-8"?>
<Project ToolsVersion="17.0" xmlns="http://schemas.microsoft.com/developer/msbuild/2003">
  <ItemGroup>
    <CustomBuild Include="D:\work\usdGen\workusdGenbuild-v0b\CMakeFiles\5c0d6e683feb86e3c6f3f480c3b90553\INSTALL_force.rule">
      <Filter>CMake Rules</Filter>
    </CustomBuild>
  </ItemGroup>
  <ItemGroup>
    <Filter Include="CMake Rules">
      <UniqueIdentifier>{0C86E618-F684-3335-9702-69814CCA489E}</UniqueIdentifier>
    </Filter>
  </ItemGroup>
</Project>
