<?xml version="1.0" encoding="utf-8"?>
<Project ToolsVersion="17.0" xmlns="http://schemas.microsoft.com/developer/msbuild/2003">
  <ItemGroup>
    <ClCompile Include="D:\work\usdGen\libs\usdGen\usdGen\compiler.cpp">
      <Filter>Source Files</Filter>
    </ClCompile>
    <ClCompile Include="D:\work\usdGen\libs\usdGen\usdGen\cpuParameters.cpp">
      <Filter>Source Files</Filter>
    </ClCompile>
    <ClCompile Include="D:\work\usdGen\libs\usdGen\usdGen\cudaExecution.cpp">
      <Filter>Source Files</Filter>
    </ClCompile>
    <ClCompile Include="D:\work\usdGen\libs\usdGen\usdGen\cudaExecutionQueue.cpp">
      <Filter>Source Files</Filter>
    </ClCompile>
    <ClCompile Include="D:\work\usdGen\libs\usdGen\usdGen\cudaGeneration.cpp">
      <Filter>Source Files</Filter>
    </ClCompile>
    <ClCompile Include="D:\work\usdGen\libs\usdGen\usdGen\cudaParameters.cpp">
      <Filter>Source Files</Filter>
    </ClCompile>
    <ClCompile Include="D:\work\usdGen\libs\usdGen\usdGen\cudaSourceInput.cpp">
      <Filter>Source Files</Filter>
    </ClCompile>
    <ClCompile Include="D:\work\usdGen\libs\usdGen\usdGen\cudaSurfaceInput.cpp">
      <Filter>Source Files</Filter>
    </ClCompile>
    <ClCompile Include="D:\work\usdGen\libs\usdGen\usdGen\cudaTools.cpp">
      <Filter>Source Files</Filter>
    </ClCompile>
    <ClCompile Include="D:\work\usdGen\libs\usdGen\usdGen\curveLoader.cpp">
      <Filter>Source Files</Filter>
    </ClCompile>
    <ClCompile Include="D:\work\usdGen\libs\usdGen\usdGen\curveRootCapture.cpp">
      <Filter>Source Files</Filter>
    </ClCompile>
    <ClCompile Include="D:\work\usdGen\libs\usdGen\usdGen\debugCodes.cpp">
      <Filter>Source Files</Filter>
    </ClCompile>
    <ClCompile Include="D:\work\usdGen\libs\usdGen\usdGen\deviceGeneration.cpp">
      <Filter>Source Files</Filter>
    </ClCompile>
    <ClCompile Include="D:\work\usdGen\libs\usdGen\usdGen\executionBackend.cpp">
      <Filter>Source Files</Filter>
    </ClCompile>
    <ClCompile Include="D:\work\usdGen\libs\usdGen\usdGen\executionCache.cpp">
      <Filter>Source Files</Filter>
    </ClCompile>
    <ClCompile Include="D:\work\usdGen\libs\usdGen\usdGen\executionPipeline.cpp">
      <Filter>Source Files</Filter>
    </ClCompile>
    <ClCompile Include="D:\work\usdGen\libs\usdGen\usdGen\executionSequenceWindow.cpp">
      <Filter>Source Files</Filter>
    </ClCompile>
    <ClCompile Include="D:\work\usdGen\libs\usdGen\usdGen\executionTaskGraph.cpp">
      <Filter>Source Files</Filter>
    </ClCompile>
    <ClCompile Include="D:\work\usdGen\libs\usdGen\usdGen\expressionTargets.cpp">
      <Filter>Source Files</Filter>
    </ClCompile>
    <ClCompile Include="D:\work\usdGen\libs\usdGen\usdGen\expressions\context.cpp">
      <Filter>Source Files</Filter>
    </ClCompile>
    <ClCompile Include="D:\work\usdGen\libs\usdGen\usdGen\expressions\cpuEvaluator.cpp">
      <Filter>Source Files</Filter>
    </ClCompile>
    <ClCompile Include="D:\work\usdGen\libs\usdGen\usdGen\expressions\frontend.cpp">
      <Filter>Source Files</Filter>
    </ClCompile>
    <ClCompile Include="D:\work\usdGen\libs\usdGen\usdGen\expressions\samplers.cpp">
      <Filter>Source Files</Filter>
    </ClCompile>
    <ClCompile Include="D:\work\usdGen\libs\usdGen\usdGen\expressions\valueShape.cpp">
      <Filter>Source Files</Filter>
    </ClCompile>
    <ClCompile Include="D:\work\usdGen\libs\usdGen\usdGen\furOcclusion.cpp">
      <Filter>Source Files</Filter>
    </ClCompile>
    <ClCompile Include="D:\work\usdGen\libs\usdGen\usdGen\generationStore.cpp">
      <Filter>Source Files</Filter>
    </ClCompile>
    <ClCompile Include="D:\work\usdGen\libs\usdGen\usdGen\graph.cpp">
      <Filter>Source Files</Filter>
    </ClCompile>
    <ClCompile Include="D:\work\usdGen\libs\usdGen\usdGen\imagePayload.cpp">
      <Filter>Source Files</Filter>
    </ClCompile>
    <ClCompile Include="D:\work\usdGen\libs\usdGen\usdGen\maps\ptexMap.cpp">
      <Filter>Source Files</Filter>
    </ClCompile>
    <ClCompile Include="D:\work\usdGen\libs\usdGen\usdGen\opRegistry.cpp">
      <Filter>Source Files</Filter>
    </ClCompile>
    <ClCompile Include="D:\work\usdGen\libs\usdGen\usdGen\ops\bend.cpp">
      <Filter>Source Files</Filter>
    </ClCompile>
    <ClCompile Include="D:\work\usdGen\libs\usdGen\usdGen\ops\clump.cpp">
      <Filter>Source Files</Filter>
    </ClCompile>
    <ClCompile Include="D:\work\usdGen\libs\usdGen\usdGen\ops\collide.cpp">
      <Filter>Source Files</Filter>
    </ClCompile>
    <ClCompile Include="D:\work\usdGen\libs\usdGen\usdGen\ops\curl.cpp">
      <Filter>Source Files</Filter>
    </ClCompile>
    <ClCompile Include="D:\work\usdGen\libs\usdGen\usdGen\ops\curveSource.cpp">
      <Filter>Source Files</Filter>
    </ClCompile>
    <ClCompile Include="D:\work\usdGen\libs\usdGen\usdGen\ops\deform.cpp">
      <Filter>Source Files</Filter>
    </ClCompile>
    <ClCompile Include="D:\work\usdGen\libs\usdGen\usdGen\ops\direction.cpp">
      <Filter>Source Files</Filter>
    </ClCompile>
    <ClCompile Include="D:\work\usdGen\libs\usdGen\usdGen\ops\displace.cpp">
      <Filter>Source Files</Filter>
    </ClCompile>
    <ClCompile Include="D:\work\usdGen\libs\usdGen\usdGen\ops\exprOp.cpp">
      <Filter>Source Files</Filter>
    </ClCompile>
    <ClCompile Include="D:\work\usdGen\libs\usdGen\usdGen\ops\freeze.cpp">
      <Filter>Source Files</Filter>
    </ClCompile>
    <ClCompile Include="D:\work\usdGen\libs\usdGen\usdGen\ops\grow.cpp">
      <Filter>Source Files</Filter>
    </ClCompile>
    <ClCompile Include="D:\work\usdGen\libs\usdGen\usdGen\ops\guideInterpolate.cpp">
      <Filter>Source Files</Filter>
    </ClCompile>
    <ClCompile Include="D:\work\usdGen\libs\usdGen\usdGen\ops\length.cpp">
      <Filter>Source Files</Filter>
    </ClCompile>
    <ClCompile Include="D:\work\usdGen\libs\usdGen\usdGen\ops\noise.cpp">
      <Filter>Source Files</Filter>
    </ClCompile>
    <ClCompile Include="D:\work\usdGen\libs\usdGen\usdGen\ops\part.cpp">
      <Filter>Source Files</Filter>
    </ClCompile>
    <ClCompile Include="D:\work\usdGen\libs\usdGen\usdGen\ops\rbfField.cpp">
      <Filter>Source Files</Filter>
    </ClCompile>
    <ClCompile Include="D:\work\usdGen\libs\usdGen\usdGen\ops\referenceSource.cpp">
      <Filter>Source Files</Filter>
    </ClCompile>
    <ClCompile Include="D:\work\usdGen\libs\usdGen\usdGen\ops\resample.cpp">
      <Filter>Source Files</Filter>
    </ClCompile>
    <ClCompile Include="D:\work\usdGen\libs\usdGen\usdGen\ops\scale.cpp">
      <Filter>Source Files</Filter>
    </ClCompile>
    <ClCompile Include="D:\work\usdGen\libs\usdGen\usdGen\ops\scatter.cpp">
      <Filter>Source Files</Filter>
    </ClCompile>
    <ClCompile Include="D:\work\usdGen\libs\usdGen\usdGen\ops\sculptLayer.cpp">
      <Filter>Source Files</Filter>
    </ClCompile>
    <ClCompile Include="D:\work\usdGen\libs\usdGen\usdGen\ops\smooth.cpp">
      <Filter>Source Files</Filter>
    </ClCompile>
    <ClCompile Include="D:\work\usdGen\libs\usdGen\usdGen\ops\straighten.cpp">
      <Filter>Source Files</Filter>
    </ClCompile>
    <ClCompile Include="D:\work\usdGen\libs\usdGen\usdGen\ops\wave.cpp">
      <Filter>Source Files</Filter>
    </ClCompile>
    <ClCompile Include="D:\work\usdGen\libs\usdGen\usdGen\ops\width.cpp">
      <Filter>Source Files</Filter>
    </ClCompile>
    <ClCompile Include="D:\work\usdGen\libs\usdGen\usdGen\ops\widthBlend.cpp">
      <Filter>Source Files</Filter>
    </ClCompile>
    <ClCompile Include="D:\work\usdGen\libs\usdGen\usdGen\ops\wind.cpp">
      <Filter>Source Files</Filter>
    </ClCompile>
    <ClCompile Include="D:\work\usdGen\libs\usdGen\usdGen\scheduler.cpp">
      <Filter>Source Files</Filter>
    </ClCompile>
    <ClCompile Include="D:\work\usdGen\libs\usdGen\usdGen\session.cpp">
      <Filter>Source Files</Filter>
    </ClCompile>
    <ClCompile Include="D:\work\usdGen\libs\usdGen\usdGen\sessionBackendExecutor.cpp">
      <Filter>Source Files</Filter>
    </ClCompile>
    <ClCompile Include="D:\work\usdGen\libs\usdGen\usdGen\sessionCooker.cpp">
      <Filter>Source Files</Filter>
    </ClCompile>
    <ClCompile Include="D:\work\usdGen\libs\usdGen\usdGen\surfaceRootBindings.cpp">
      <Filter>Source Files</Filter>
    </ClCompile>
    <ClCompile Include="D:\work\usdGen\libs\usdGen\usdGen\surfaceRootFrames.cpp">
      <Filter>Source Files</Filter>
    </ClCompile>
    <ClCompile Include="D:\work\usdGen\libs\usdGen\usdGen\valuePreview.cpp">
      <Filter>Source Files</Filter>
    </ClCompile>
    <ClCompile Include="D:\work\usdGen\libs\usdGen\usdGen\version.cpp">
      <Filter>Source Files</Filter>
    </ClCompile>
    <ClCompile Include="D:\work\usdGen\libs\usdGen\version.cpp">
      <Filter>Source Files</Filter>
    </ClCompile>
    <ClCompile Include="D:\work\usdGen\libs\usdGen\usdGen\executionBackendCudaProvider.cpp">
      <Filter>Source Files</Filter>
    </ClCompile>
  </ItemGroup>
  <ItemGroup>
    <CustomBuild Include="D:\work\usdGen\CMakeLists.txt" />
  </ItemGroup>
  <ItemGroup>
    <Filter Include="Source Files">
      <UniqueIdentifier>{BF3C9E50-738A-36A9-9AB6-F9BDD2D0D7DD}</UniqueIdentifier>
    </Filter>
  </ItemGroup>
</Project>
