<?xml version="1.0" encoding="utf-8"?>
<Project ToolsVersion="17.0" xmlns="http://schemas.microsoft.com/developer/msbuild/2003">
  <ItemGroup>
    <ClCompile Include="D:\work\usdGen\libs\usdGenTonic\usdGenTonic\imaging\tonicSceneIndex.cpp">
      <Filter>Source Files</Filter>
    </ClCompile>
    <ClCompile Include="D:\work\usdGen\libs\usdGenTonic\usdGenTonic\tonicApi.cpp">
      <Filter>Source Files</Filter>
    </ClCompile>
    <ClCompile Include="D:\work\usdGen\libs\usdGenTonic\usdGenTonic\tonicApiStage.cpp">
      <Filter>Source Files</Filter>
    </ClCompile>
    <ClCompile Include="D:\work\usdGen\libs\usdGenTonic\usdGenTonic\tonicBake.cpp">
      <Filter>Source Files</Filter>
    </ClCompile>
    <ClCompile Include="D:\work\usdGen\libs\usdGenTonic\usdGenTonic\tonicCheck.cpp">
      <Filter>Source Files</Filter>
    </ClCompile>
    <ClCompile Include="D:\work\usdGen\libs\usdGenTonic\usdGenTonic\tonicCommit.cpp">
      <Filter>Source Files</Filter>
    </ClCompile>
    <ClCompile Include="D:\work\usdGen\libs\usdGenTonic\usdGenTonic\tonicGizmo.cpp">
      <Filter>Source Files</Filter>
    </ClCompile>
    <ClCompile Include="D:\work\usdGen\libs\usdGenTonic\usdGenTonic\tonicGraph.cpp">
      <Filter>Source Files</Filter>
    </ClCompile>
    <ClCompile Include="D:\work\usdGen\libs\usdGenTonic\usdGenTonic\tonicHierarchy.cpp">
      <Filter>Source Files</Filter>
    </ClCompile>
    <ClCompile Include="D:\work\usdGen\libs\usdGenTonic\usdGenTonic\tonicModel.cpp">
      <Filter>Source Files</Filter>
    </ClCompile>
    <ClCompile Include="D:\work\usdGen\libs\usdGenTonic\usdGenTonic\tonicPublish.cpp">
      <Filter>Source Files</Filter>
    </ClCompile>
    <ClCompile Include="D:\work\usdGen\libs\usdGenTonic\usdGenTonic\tonicRegion.cpp">
      <Filter>Source Files</Filter>
    </ClCompile>
    <ClCompile Include="D:\work\usdGen\libs\usdGenTonic\usdGenTonic\tonicRegistry.cpp">
      <Filter>Source Files</Filter>
    </ClCompile>
    <ClCompile Include="D:\work\usdGen\libs\usdGenTonic\usdGenTonic\tonicScalp.cpp">
      <Filter>Source Files</Filter>
    </ClCompile>
    <ClCompile Include="D:\work\usdGen\libs\usdGenTonic\usdGenTonic\tonicSelection.cpp">
      <Filter>Source Files</Filter>
    </ClCompile>
    <ClCompile Include="D:\work\usdGen\libs\usdGenTonic\usdGenTonic\tonicTransport.cpp">
      <Filter>Source Files</Filter>
    </ClCompile>
    <ClCompile Include="D:\work\usdGen\libs\usdGenTonic\usdGenTonic\tonicTube.cpp">
      <Filter>Source Files</Filter>
    </ClCompile>
  </ItemGroup>
  <ItemGroup>
    <CustomBuild Include="D:\work\usdGen\CMakeLists.txt" />
  </ItemGroup>
  <ItemGroup>
    <Filter Include="Source Files">
      <UniqueIdentifier>{BF3C9E50-738A-36A9-9AB6-F9BDD2D0D7DD}</UniqueIdentifier>
    </Filter>
  </ItemGroup>
</Project>
