
Microsoft Visual Studio Solution File, Format Version 12.00
# Visual Studio Version 17
Project("{2150E333-8FDC-42A3-9474-1A3956D46DE8}") = "CMakePredefinedTargets", "CMakePredefinedTargets", "{236C0489-3273-314D-BD23-147B040C19D6}"
EndProject
Project("{8BC9CEB8-8B4A-11D0-8D11-00A0C91BC942}") = "ALL_BUILD", "ALL_BUILD.vcxproj", "{CE94EBF0-2B2B-36D6-8D6E-1BC389505869}"
	ProjectSection(ProjectDependencies) = postProject
		{9C281958-8BBB-3342-B647-78DC9904350B} = {9C281958-8BBB-3342-B647-78DC9904350B}
		{7DFA1E3D-3367-30A3-B334-BB81E2156122} = {7DFA1E3D-3367-30A3-B334-BB81E2156122}
		{271741E3-507A-33E6-BE57-CB1EB35427C8} = {271741E3-507A-33E6-BE57-CB1EB35427C8}
		{61789330-71C1-38C5-B80A-55F11F2890C2} = {61789330-71C1-38C5-B80A-55F11F2890C2}
		{DBE6635C-5DDF-3DA0-AD3E-EFC3772AE46F} = {DBE6635C-5DDF-3DA0-AD3E-EFC3772AE46F}
		{A2D56442-3B6C-3B30-92E2-B484D4B486A2} = {A2D56442-3B6C-3B30-92E2-B484D4B486A2}
		{A91F936C-CCCF-39DE-B5D7-363D9E1C3860} = {A91F936C-CCCF-39DE-B5D7-363D9E1C3860}
		{B639C33C-3092-3F0F-AF6F-809AE63469B6} = {B639C33C-3092-3F0F-AF6F-809AE63469B6}
		{F9428CE2-C0DB-3C65-AA8B-081767B7A2E8} = {F9428CE2-C0DB-3C65-AA8B-081767B7A2E8}
		{BFC431EF-933F-3E5E-8C51-BE7146EFC10B} = {BFC431EF-933F-3E5E-8C51-BE7146EFC10B}
		{9769B79A-500B-3F50-8E8E-B646F69BEF9E} = {9769B79A-500B-3F50-8E8E-B646F69BEF9E}
		{81FA0C52-327E-3ACC-ADAD-E2C08E210CE3} = {81FA0C52-327E-3ACC-ADAD-E2C08E210CE3}
		{A1AD4396-68A1-3088-AEEA-9BF1EAC6ACBA} = {A1AD4396-68A1-3088-AEEA-9BF1EAC6ACBA}
		{82F99017-12A6-3CE7-B6BD-427F99A5D4E7} = {82F99017-12A6-3CE7-B6BD-427F99A5D4E7}
		{73725A41-5A71-3EDA-835C-8C960560A5BB} = {73725A41-5A71-3EDA-835C-8C960560A5BB}
		{ED69D017-9553-345D-8FD7-9835290A2DC3} = {ED69D017-9553-345D-8FD7-9835290A2DC3}
	EndProjectSection
EndProject
Project("{8BC9CEB8-8B4A-11D0-8D11-00A0C91BC942}") = "INSTALL", "INSTALL.vcxproj", "{7AD0C913-1155-321D-8689-AB5C98C51CB1}"
	ProjectSection(ProjectDependencies) = postProject
		{CE94EBF0-2B2B-36D6-8D6E-1BC389505869} = {CE94EBF0-2B2B-36D6-8D6E-1BC389505869}
		{9C281958-8BBB-3342-B647-78DC9904350B} = {9C281958-8BBB-3342-B647-78DC9904350B}
	EndProjectSection
EndProject
Project("{8BC9CEB8-8B4A-11D0-8D11-00A0C91BC942}") = "ZERO_CHECK", "ZERO_CHECK.vcxproj", "{9C281958-8BBB-3342-B647-78DC9904350B}"
	ProjectSection(ProjectDependencies) = postProject
	EndProjectSection
EndProject
Project("{8BC9CEB8-8B4A-11D0-8D11-00A0C91BC942}") = "usdGen", "usdGen.vcxproj", "{7DFA1E3D-3367-30A3-B334-BB81E2156122}"
	ProjectSection(ProjectDependencies) = postProject
		{9C281958-8BBB-3342-B647-78DC9904350B} = {9C281958-8BBB-3342-B647-78DC9904350B}
		{DBE6635C-5DDF-3DA0-AD3E-EFC3772AE46F} = {DBE6635C-5DDF-3DA0-AD3E-EFC3772AE46F}
		{A2D56442-3B6C-3B30-92E2-B484D4B486A2} = {A2D56442-3B6C-3B30-92E2-B484D4B486A2}
		{B639C33C-3092-3F0F-AF6F-809AE63469B6} = {B639C33C-3092-3F0F-AF6F-809AE63469B6}
		{82F99017-12A6-3CE7-B6BD-427F99A5D4E7} = {82F99017-12A6-3CE7-B6BD-427F99A5D4E7}
		{73725A41-5A71-3EDA-835C-8C960560A5BB} = {73725A41-5A71-3EDA-835C-8C960560A5BB}
		{ED69D017-9553-345D-8FD7-9835290A2DC3} = {ED69D017-9553-345D-8FD7-9835290A2DC3}
	EndProjectSection
EndProject
Project("{8BC9CEB8-8B4A-11D0-8D11-00A0C91BC942}") = "usdGenBakeFur", "usdGenBakeFur.vcxproj", "{271741E3-507A-33E6-BE57-CB1EB35427C8}"
	ProjectSection(ProjectDependencies) = postProject
		{9C281958-8BBB-3342-B647-78DC9904350B} = {9C281958-8BBB-3342-B647-78DC9904350B}
		{7DFA1E3D-3367-30A3-B334-BB81E2156122} = {7DFA1E3D-3367-30A3-B334-BB81E2156122}
		{DBE6635C-5DDF-3DA0-AD3E-EFC3772AE46F} = {DBE6635C-5DDF-3DA0-AD3E-EFC3772AE46F}
	EndProjectSection
EndProject
Project("{8BC9CEB8-8B4A-11D0-8D11-00A0C91BC942}") = "usdGenBakePtex", "usdGenBakePtex.vcxproj", "{61789330-71C1-38C5-B80A-55F11F2890C2}"
	ProjectSection(ProjectDependencies) = postProject
		{9C281958-8BBB-3342-B647-78DC9904350B} = {9C281958-8BBB-3342-B647-78DC9904350B}
		{7DFA1E3D-3367-30A3-B334-BB81E2156122} = {7DFA1E3D-3367-30A3-B334-BB81E2156122}
		{DBE6635C-5DDF-3DA0-AD3E-EFC3772AE46F} = {DBE6635C-5DDF-3DA0-AD3E-EFC3772AE46F}
		{82F99017-12A6-3CE7-B6BD-427F99A5D4E7} = {82F99017-12A6-3CE7-B6BD-427F99A5D4E7}
		{ED69D017-9553-345D-8FD7-9835290A2DC3} = {ED69D017-9553-345D-8FD7-9835290A2DC3}
	EndProjectSection
EndProject
Project("{8BC9CEB8-8B4A-11D0-8D11-00A0C91BC942}") = "usdGenExecutionResources", "usdGenExecutionResources.vcxproj", "{DBE6635C-5DDF-3DA0-AD3E-EFC3772AE46F}"
	ProjectSection(ProjectDependencies) = postProject
		{9C281958-8BBB-3342-B647-78DC9904350B} = {9C281958-8BBB-3342-B647-78DC9904350B}
	EndProjectSection
EndProject
Project("{8BC9CEB8-8B4A-11D0-8D11-00A0C91BC942}") = "usdGenExprFrontend", "usdGenExprFrontend.vcxproj", "{A2D56442-3B6C-3B30-92E2-B484D4B486A2}"
	ProjectSection(ProjectDependencies) = postProject
		{9C281958-8BBB-3342-B647-78DC9904350B} = {9C281958-8BBB-3342-B647-78DC9904350B}
	EndProjectSection
EndProject
Project("{8BC9CEB8-8B4A-11D0-8D11-00A0C91BC942}") = "usdGenImaging", "usdGenImaging.vcxproj", "{A91F936C-CCCF-39DE-B5D7-363D9E1C3860}"
	ProjectSection(ProjectDependencies) = postProject
		{9C281958-8BBB-3342-B647-78DC9904350B} = {9C281958-8BBB-3342-B647-78DC9904350B}
		{7DFA1E3D-3367-30A3-B334-BB81E2156122} = {7DFA1E3D-3367-30A3-B334-BB81E2156122}
		{DBE6635C-5DDF-3DA0-AD3E-EFC3772AE46F} = {DBE6635C-5DDF-3DA0-AD3E-EFC3772AE46F}
		{F9428CE2-C0DB-3C65-AA8B-081767B7A2E8} = {F9428CE2-C0DB-3C65-AA8B-081767B7A2E8}
	EndProjectSection
EndProject
Project("{8BC9CEB8-8B4A-11D0-8D11-00A0C91BC942}") = "usdGenMath", "usdGenMath.vcxproj", "{B639C33C-3092-3F0F-AF6F-809AE63469B6}"
	ProjectSection(ProjectDependencies) = postProject
		{9C281958-8BBB-3342-B647-78DC9904350B} = {9C281958-8BBB-3342-B647-78DC9904350B}
		{73725A41-5A71-3EDA-835C-8C960560A5BB} = {73725A41-5A71-3EDA-835C-8C960560A5BB}
	EndProjectSection
EndProject
Project("{8BC9CEB8-8B4A-11D0-8D11-00A0C91BC942}") = "usdGenSchema", "usdGenSchema.vcxproj", "{F9428CE2-C0DB-3C65-AA8B-081767B7A2E8}"
	ProjectSection(ProjectDependencies) = postProject
		{9C281958-8BBB-3342-B647-78DC9904350B} = {9C281958-8BBB-3342-B647-78DC9904350B}
		{B639C33C-3092-3F0F-AF6F-809AE63469B6} = {B639C33C-3092-3F0F-AF6F-809AE63469B6}
		{73725A41-5A71-3EDA-835C-8C960560A5BB} = {73725A41-5A71-3EDA-835C-8C960560A5BB}
	EndProjectSection
EndProject
Project("{8BC9CEB8-8B4A-11D0-8D11-00A0C91BC942}") = "usdGenTestUtils", "usdGenTestUtils.vcxproj", "{BFC431EF-933F-3E5E-8C51-BE7146EFC10B}"
	ProjectSection(ProjectDependencies) = postProject
		{9C281958-8BBB-3342-B647-78DC9904350B} = {9C281958-8BBB-3342-B647-78DC9904350B}
		{7DFA1E3D-3367-30A3-B334-BB81E2156122} = {7DFA1E3D-3367-30A3-B334-BB81E2156122}
		{DBE6635C-5DDF-3DA0-AD3E-EFC3772AE46F} = {DBE6635C-5DDF-3DA0-AD3E-EFC3772AE46F}
	EndProjectSection
EndProject
Project("{8BC9CEB8-8B4A-11D0-8D11-00A0C91BC942}") = "usdGenTestUtilsHd", "usdGenTestUtilsHd.vcxproj", "{9769B79A-500B-3F50-8E8E-B646F69BEF9E}"
	ProjectSection(ProjectDependencies) = postProject
		{9C281958-8BBB-3342-B647-78DC9904350B} = {9C281958-8BBB-3342-B647-78DC9904350B}
		{7DFA1E3D-3367-30A3-B334-BB81E2156122} = {7DFA1E3D-3367-30A3-B334-BB81E2156122}
		{DBE6635C-5DDF-3DA0-AD3E-EFC3772AE46F} = {DBE6635C-5DDF-3DA0-AD3E-EFC3772AE46F}
		{A91F936C-CCCF-39DE-B5D7-363D9E1C3860} = {A91F936C-CCCF-39DE-B5D7-363D9E1C3860}
		{BFC431EF-933F-3E5E-8C51-BE7146EFC10B} = {BFC431EF-933F-3E5E-8C51-BE7146EFC10B}
	EndProjectSection
EndProject
Project("{8BC9CEB8-8B4A-11D0-8D11-00A0C91BC942}") = "usdGenTonic", "usdGenTonic.vcxproj", "{81FA0C52-327E-3ACC-ADAD-E2C08E210CE3}"
	ProjectSection(ProjectDependencies) = postProject
		{9C281958-8BBB-3342-B647-78DC9904350B} = {9C281958-8BBB-3342-B647-78DC9904350B}
		{7DFA1E3D-3367-30A3-B334-BB81E2156122} = {7DFA1E3D-3367-30A3-B334-BB81E2156122}
		{DBE6635C-5DDF-3DA0-AD3E-EFC3772AE46F} = {DBE6635C-5DDF-3DA0-AD3E-EFC3772AE46F}
		{82F99017-12A6-3CE7-B6BD-427F99A5D4E7} = {82F99017-12A6-3CE7-B6BD-427F99A5D4E7}
		{ED69D017-9553-345D-8FD7-9835290A2DC3} = {ED69D017-9553-345D-8FD7-9835290A2DC3}
	EndProjectSection
EndProject
Project("{8BC9CEB8-8B4A-11D0-8D11-00A0C91BC942}") = "usdGenTracePlayback", "usdGenTracePlayback.vcxproj", "{A1AD4396-68A1-3088-AEEA-9BF1EAC6ACBA}"
	ProjectSection(ProjectDependencies) = postProject
		{9C281958-8BBB-3342-B647-78DC9904350B} = {9C281958-8BBB-3342-B647-78DC9904350B}
		{7DFA1E3D-3367-30A3-B334-BB81E2156122} = {7DFA1E3D-3367-30A3-B334-BB81E2156122}
		{DBE6635C-5DDF-3DA0-AD3E-EFC3772AE46F} = {DBE6635C-5DDF-3DA0-AD3E-EFC3772AE46F}
		{A91F936C-CCCF-39DE-B5D7-363D9E1C3860} = {A91F936C-CCCF-39DE-B5D7-363D9E1C3860}
	EndProjectSection
EndProject
Project("{8BC9CEB8-8B4A-11D0-8D11-00A0C91BC942}") = "usdGen_ptex", "usdGen_ptex.vcxproj", "{82F99017-12A6-3CE7-B6BD-427F99A5D4E7}"
	ProjectSection(ProjectDependencies) = postProject
		{9C281958-8BBB-3342-B647-78DC9904350B} = {9C281958-8BBB-3342-B647-78DC9904350B}
		{ED69D017-9553-345D-8FD7-9835290A2DC3} = {ED69D017-9553-345D-8FD7-9835290A2DC3}
	EndProjectSection
EndProject
Project("{8BC9CEB8-8B4A-11D0-8D11-00A0C91BC942}") = "usdGen_seexpr", "usdGen_seexpr.vcxproj", "{73725A41-5A71-3EDA-835C-8C960560A5BB}"
	ProjectSection(ProjectDependencies) = postProject
		{9C281958-8BBB-3342-B647-78DC9904350B} = {9C281958-8BBB-3342-B647-78DC9904350B}
	EndProjectSection
EndProject
Project("{8BC9CEB8-8B4A-11D0-8D11-00A0C91BC942}") = "usdGen_zlib", "usdGen_zlib.vcxproj", "{ED69D017-9553-345D-8FD7-9835290A2DC3}"
	ProjectSection(ProjectDependencies) = postProject
		{9C281958-8BBB-3342-B647-78DC9904350B} = {9C281958-8BBB-3342-B647-78DC9904350B}
	EndProjectSection
EndProject
Global
	GlobalSection(SolutionConfigurationPlatforms) = preSolution
		Debug|x64 = Debug|x64
		Release|x64 = Release|x64
		MinSizeRel|x64 = MinSizeRel|x64
		RelWithDebInfo|x64 = RelWithDebInfo|x64
	EndGlobalSection
	GlobalSection(ProjectConfigurationPlatforms) = postSolution
		{CE94EBF0-2B2B-36D6-8D6E-1BC389505869}.Debug|x64.ActiveCfg = Debug|x64
		{CE94EBF0-2B2B-36D6-8D6E-1BC389505869}.Debug|x64.Build.0 = Debug|x64
		{CE94EBF0-2B2B-36D6-8D6E-1BC389505869}.Release|x64.ActiveCfg = Release|x64
		{CE94EBF0-2B2B-36D6-8D6E-1BC389505869}.Release|x64.Build.0 = Release|x64
		{CE94EBF0-2B2B-36D6-8D6E-1BC389505869}.MinSizeRel|x64.ActiveCfg = MinSizeRel|x64
		{CE94EBF0-2B2B-36D6-8D6E-1BC389505869}.MinSizeRel|x64.Build.0 = MinSizeRel|x64
		{CE94EBF0-2B2B-36D6-8D6E-1BC389505869}.RelWithDebInfo|x64.ActiveCfg = RelWithDebInfo|x64
		{CE94EBF0-2B2B-36D6-8D6E-1BC389505869}.RelWithDebInfo|x64.Build.0 = RelWithDebInfo|x64
		{7AD0C913-1155-321D-8689-AB5C98C51CB1}.Debug|x64.ActiveCfg = Debug|x64
		{7AD0C913-1155-321D-8689-AB5C98C51CB1}.Release|x64.ActiveCfg = Release|x64
		{7AD0C913-1155-321D-8689-AB5C98C51CB1}.MinSizeRel|x64.ActiveCfg = MinSizeRel|x64
		{7AD0C913-1155-321D-8689-AB5C98C51CB1}.RelWithDebInfo|x64.ActiveCfg = RelWithDebInfo|x64
		{9C281958-8BBB-3342-B647-78DC9904350B}.Debug|x64.ActiveCfg = Debug|x64
		{9C281958-8BBB-3342-B647-78DC9904350B}.Debug|x64.Build.0 = Debug|x64
		{9C281958-8BBB-3342-B647-78DC9904350B}.Release|x64.ActiveCfg = Release|x64
		{9C281958-8BBB-3342-B647-78DC9904350B}.Release|x64.Build.0 = Release|x64
		{9C281958-8BBB-3342-B647-78DC9904350B}.MinSizeRel|x64.ActiveCfg = MinSizeRel|x64
		{9C281958-8BBB-3342-B647-78DC9904350B}.MinSizeRel|x64.Build.0 = MinSizeRel|x64
		{9C281958-8BBB-3342-B647-78DC9904350B}.RelWithDebInfo|x64.ActiveCfg = RelWithDebInfo|x64
		{9C281958-8BBB-3342-B647-78DC9904350B}.RelWithDebInfo|x64.Build.0 = RelWithDebInfo|x64
		{7DFA1E3D-3367-30A3-B334-BB81E2156122}.Debug|x64.ActiveCfg = Debug|x64
		{7DFA1E3D-3367-30A3-B334-BB81E2156122}.Debug|x64.Build.0 = Debug|x64
		{7DFA1E3D-3367-30A3-B334-BB81E2156122}.Release|x64.ActiveCfg = Release|x64
		{7DFA1E3D-3367-30A3-B334-BB81E2156122}.Release|x64.Build.0 = Release|x64
		{7DFA1E3D-3367-30A3-B334-BB81E2156122}.MinSizeRel|x64.ActiveCfg = MinSizeRel|x64
		{7DFA1E3D-3367-30A3-B334-BB81E2156122}.MinSizeRel|x64.Build.0 = MinSizeRel|x64
		{7DFA1E3D-3367-30A3-B334-BB81E2156122}.RelWithDebInfo|x64.ActiveCfg = RelWithDebInfo|x64
		{7DFA1E3D-3367-30A3-B334-BB81E2156122}.RelWithDebInfo|x64.Build.0 = RelWithDebInfo|x64
		{271741E3-507A-33E6-BE57-CB1EB35427C8}.Debug|x64.ActiveCfg = Debug|x64
		{271741E3-507A-33E6-BE57-CB1EB35427C8}.Debug|x64.Build.0 = Debug|x64
		{271741E3-507A-33E6-BE57-CB1EB35427C8}.Release|x64.ActiveCfg = Release|x64
		{271741E3-507A-33E6-BE57-CB1EB35427C8}.Release|x64.Build.0 = Release|x64
		{271741E3-507A-33E6-BE57-CB1EB35427C8}.MinSizeRel|x64.ActiveCfg = MinSizeRel|x64
		{271741E3-507A-33E6-BE57-CB1EB35427C8}.MinSizeRel|x64.Build.0 = MinSizeRel|x64
		{271741E3-507A-33E6-BE57-CB1EB35427C8}.RelWithDebInfo|x64.ActiveCfg = RelWithDebInfo|x64
		{271741E3-507A-33E6-BE57-CB1EB35427C8}.RelWithDebInfo|x64.Build.0 = RelWithDebInfo|x64
		{61789330-71C1-38C5-B80A-55F11F2890C2}.Debug|x64.ActiveCfg = Debug|x64
		{61789330-71C1-38C5-B80A-55F11F2890C2}.Debug|x64.Build.0 = Debug|x64
		{61789330-71C1-38C5-B80A-55F11F2890C2}.Release|x64.ActiveCfg = Release|x64
		{61789330-71C1-38C5-B80A-55F11F2890C2}.Release|x64.Build.0 = Release|x64
		{61789330-71C1-38C5-B80A-55F11F2890C2}.MinSizeRel|x64.ActiveCfg = MinSizeRel|x64
		{61789330-71C1-38C5-B80A-55F11F2890C2}.MinSizeRel|x64.Build.0 = MinSizeRel|x64
		{61789330-71C1-38C5-B80A-55F11F2890C2}.RelWithDebInfo|x64.ActiveCfg = RelWithDebInfo|x64
		{61789330-71C1-38C5-B80A-55F11F2890C2}.RelWithDebInfo|x64.Build.0 = RelWithDebInfo|x64
		{DBE6635C-5DDF-3DA0-AD3E-EFC3772AE46F}.Debug|x64.ActiveCfg = Debug|x64
		{DBE6635C-5DDF-3DA0-AD3E-EFC3772AE46F}.Debug|x64.Build.0 = Debug|x64
		{DBE6635C-5DDF-3DA0-AD3E-EFC3772AE46F}.Release|x64.ActiveCfg = Release|x64
		{DBE6635C-5DDF-3DA0-AD3E-EFC3772AE46F}.Release|x64.Build.0 = Release|x64
		{DBE6635C-5DDF-3DA0-AD3E-EFC3772AE46F}.MinSizeRel|x64.ActiveCfg = MinSizeRel|x64
		{DBE6635C-5DDF-3DA0-AD3E-EFC3772AE46F}.MinSizeRel|x64.Build.0 = MinSizeRel|x64
		{DBE6635C-5DDF-3DA0-AD3E-EFC3772AE46F}.RelWithDebInfo|x64.ActiveCfg = RelWithDebInfo|x64
		{DBE6635C-5DDF-3DA0-AD3E-EFC3772AE46F}.RelWithDebInfo|x64.Build.0 = RelWithDebInfo|x64
		{A2D56442-3B6C-3B30-92E2-B484D4B486A2}.Debug|x64.ActiveCfg = Debug|x64
		{A2D56442-3B6C-3B30-92E2-B484D4B486A2}.Debug|x64.Build.0 = Debug|x64
		{A2D56442-3B6C-3B30-92E2-B484D4B486A2}.Release|x64.ActiveCfg = Release|x64
		{A2D56442-3B6C-3B30-92E2-B484D4B486A2}.Release|x64.Build.0 = Release|x64
		{A2D56442-3B6C-3B30-92E2-B484D4B486A2}.MinSizeRel|x64.ActiveCfg = MinSizeRel|x64
		{A2D56442-3B6C-3B30-92E2-B484D4B486A2}.MinSizeRel|x64.Build.0 = MinSizeRel|x64
		{A2D56442-3B6C-3B30-92E2-B484D4B486A2}.RelWithDebInfo|x64.ActiveCfg = RelWithDebInfo|x64
		{A2D56442-3B6C-3B30-92E2-B484D4B486A2}.RelWithDebInfo|x64.Build.0 = RelWithDebInfo|x64
		{A91F936C-CCCF-39DE-B5D7-363D9E1C3860}.Debug|x64.ActiveCfg = Debug|x64
		{A91F936C-CCCF-39DE-B5D7-363D9E1C3860}.Debug|x64.Build.0 = Debug|x64
		{A91F936C-CCCF-39DE-B5D7-363D9E1C3860}.Release|x64.ActiveCfg = Release|x64
		{A91F936C-CCCF-39DE-B5D7-363D9E1C3860}.Release|x64.Build.0 = Release|x64
		{A91F936C-CCCF-39DE-B5D7-363D9E1C3860}.MinSizeRel|x64.ActiveCfg = MinSizeRel|x64
		{A91F936C-CCCF-39DE-B5D7-363D9E1C3860}.MinSizeRel|x64.Build.0 = MinSizeRel|x64
		{A91F936C-CCCF-39DE-B5D7-363D9E1C3860}.RelWithDebInfo|x64.ActiveCfg = RelWithDebInfo|x64
		{A91F936C-CCCF-39DE-B5D7-363D9E1C3860}.RelWithDebInfo|x64.Build.0 = RelWithDebInfo|x64
		{B639C33C-3092-3F0F-AF6F-809AE63469B6}.Debug|x64.ActiveCfg = Debug|x64
		{B639C33C-3092-3F0F-AF6F-809AE63469B6}.Debug|x64.Build.0 = Debug|x64
		{B639C33C-3092-3F0F-AF6F-809AE63469B6}.Release|x64.ActiveCfg = Release|x64
		{B639C33C-3092-3F0F-AF6F-809AE63469B6}.Release|x64.Build.0 = Release|x64
		{B639C33C-3092-3F0F-AF6F-809AE63469B6}.MinSizeRel|x64.ActiveCfg = MinSizeRel|x64
		{B639C33C-3092-3F0F-AF6F-809AE63469B6}.MinSizeRel|x64.Build.0 = MinSizeRel|x64
		{B639C33C-3092-3F0F-AF6F-809AE63469B6}.RelWithDebInfo|x64.ActiveCfg = RelWithDebInfo|x64
		{B639C33C-3092-3F0F-AF6F-809AE63469B6}.RelWithDebInfo|x64.Build.0 = RelWithDebInfo|x64
		{F9428CE2-C0DB-3C65-AA8B-081767B7A2E8}.Debug|x64.ActiveCfg = Debug|x64
		{F9428CE2-C0DB-3C65-AA8B-081767B7A2E8}.Debug|x64.Build.0 = Debug|x64
		{F9428CE2-C0DB-3C65-AA8B-081767B7A2E8}.Release|x64.ActiveCfg = Release|x64
		{F9428CE2-C0DB-3C65-AA8B-081767B7A2E8}.Release|x64.Build.0 = Release|x64
		{F9428CE2-C0DB-3C65-AA8B-081767B7A2E8}.MinSizeRel|x64.ActiveCfg = MinSizeRel|x64
		{F9428CE2-C0DB-3C65-AA8B-081767B7A2E8}.MinSizeRel|x64.Build.0 = MinSizeRel|x64
		{F9428CE2-C0DB-3C65-AA8B-081767B7A2E8}.RelWithDebInfo|x64.ActiveCfg = RelWithDebInfo|x64
		{F9428CE2-C0DB-3C65-AA8B-081767B7A2E8}.RelWithDebInfo|x64.Build.0 = RelWithDebInfo|x64
		{BFC431EF-933F-3E5E-8C51-BE7146EFC10B}.Debug|x64.ActiveCfg = Debug|x64
		{BFC431EF-933F-3E5E-8C51-BE7146EFC10B}.Debug|x64.Build.0 = Debug|x64
		{BFC431EF-933F-3E5E-8C51-BE7146EFC10B}.Release|x64.ActiveCfg = Release|x64
		{BFC431EF-933F-3E5E-8C51-BE7146EFC10B}.Release|x64.Build.0 = Release|x64
		{BFC431EF-933F-3E5E-8C51-BE7146EFC10B}.MinSizeRel|x64.ActiveCfg = MinSizeRel|x64
		{BFC431EF-933F-3E5E-8C51-BE7146EFC10B}.MinSizeRel|x64.Build.0 = MinSizeRel|x64
		{BFC431EF-933F-3E5E-8C51-BE7146EFC10B}.RelWithDebInfo|x64.ActiveCfg = RelWithDebInfo|x64
		{BFC431EF-933F-3E5E-8C51-BE7146EFC10B}.RelWithDebInfo|x64.Build.0 = RelWithDebInfo|x64
		{9769B79A-500B-3F50-8E8E-B646F69BEF9E}.Debug|x64.ActiveCfg = Debug|x64
		{9769B79A-500B-3F50-8E8E-B646F69BEF9E}.Debug|x64.Build.0 = Debug|x64
		{9769B79A-500B-3F50-8E8E-B646F69BEF9E}.Release|x64.ActiveCfg = Release|x64
		{9769B79A-500B-3F50-8E8E-B646F69BEF9E}.Release|x64.Build.0 = Release|x64
		{9769B79A-500B-3F50-8E8E-B646F69BEF9E}.MinSizeRel|x64.ActiveCfg = MinSizeRel|x64
		{9769B79A-500B-3F50-8E8E-B646F69BEF9E}.MinSizeRel|x64.Build.0 = MinSizeRel|x64
		{9769B79A-500B-3F50-8E8E-B646F69BEF9E}.RelWithDebInfo|x64.ActiveCfg = RelWithDebInfo|x64
		{9769B79A-500B-3F50-8E8E-B646F69BEF9E}.RelWithDebInfo|x64.Build.0 = RelWithDebInfo|x64
		{81FA0C52-327E-3ACC-ADAD-E2C08E210CE3}.Debug|x64.ActiveCfg = Debug|x64
		{81FA0C52-327E-3ACC-ADAD-E2C08E210CE3}.Debug|x64.Build.0 = Debug|x64
		{81FA0C52-327E-3ACC-ADAD-E2C08E210CE3}.Release|x64.ActiveCfg = Release|x64
		{81FA0C52-327E-3ACC-ADAD-E2C08E210CE3}.Release|x64.Build.0 = Release|x64
		{81FA0C52-327E-3ACC-ADAD-E2C08E210CE3}.MinSizeRel|x64.ActiveCfg = MinSizeRel|x64
		{81FA0C52-327E-3ACC-ADAD-E2C08E210CE3}.MinSizeRel|x64.Build.0 = MinSizeRel|x64
		{81FA0C52-327E-3ACC-ADAD-E2C08E210CE3}.RelWithDebInfo|x64.ActiveCfg = RelWithDebInfo|x64
		{81FA0C52-327E-3ACC-ADAD-E2C08E210CE3}.RelWithDebInfo|x64.Build.0 = RelWithDebInfo|x64
		{A1AD4396-68A1-3088-AEEA-9BF1EAC6ACBA}.Debug|x64.ActiveCfg = Debug|x64
		{A1AD4396-68A1-3088-AEEA-9BF1EAC6ACBA}.Debug|x64.Build.0 = Debug|x64
		{A1AD4396-68A1-3088-AEEA-9BF1EAC6ACBA}.Release|x64.ActiveCfg = Release|x64
		{A1AD4396-68A1-3088-AEEA-9BF1EAC6ACBA}.Release|x64.Build.0 = Release|x64
		{A1AD4396-68A1-3088-AEEA-9BF1EAC6ACBA}.MinSizeRel|x64.ActiveCfg = MinSizeRel|x64
		{A1AD4396-68A1-3088-AEEA-9BF1EAC6ACBA}.MinSizeRel|x64.Build.0 = MinSizeRel|x64
		{A1AD4396-68A1-3088-AEEA-9BF1EAC6ACBA}.RelWithDebInfo|x64.ActiveCfg = RelWithDebInfo|x64
		{A1AD4396-68A1-3088-AEEA-9BF1EAC6ACBA}.RelWithDebInfo|x64.Build.0 = RelWithDebInfo|x64
		{82F99017-12A6-3CE7-B6BD-427F99A5D4E7}.Debug|x64.ActiveCfg = Debug|x64
		{82F99017-12A6-3CE7-B6BD-427F99A5D4E7}.Debug|x64.Build.0 = Debug|x64
		{82F99017-12A6-3CE7-B6BD-427F99A5D4E7}.Release|x64.ActiveCfg = Release|x64
		{82F99017-12A6-3CE7-B6BD-427F99A5D4E7}.Release|x64.Build.0 = Release|x64
		{82F99017-12A6-3CE7-B6BD-427F99A5D4E7}.MinSizeRel|x64.ActiveCfg = MinSizeRel|x64
		{82F99017-12A6-3CE7-B6BD-427F99A5D4E7}.MinSizeRel|x64.Build.0 = MinSizeRel|x64
		{82F99017-12A6-3CE7-B6BD-427F99A5D4E7}.RelWithDebInfo|x64.ActiveCfg = RelWithDebInfo|x64
		{82F99017-12A6-3CE7-B6BD-427F99A5D4E7}.RelWithDebInfo|x64.Build.0 = RelWithDebInfo|x64
		{73725A41-5A71-3EDA-835C-8C960560A5BB}.Debug|x64.ActiveCfg = Debug|x64
		{73725A41-5A71-3EDA-835C-8C960560A5BB}.Debug|x64.Build.0 = Debug|x64
		{73725A41-5A71-3EDA-835C-8C960560A5BB}.Release|x64.ActiveCfg = Release|x64
		{73725A41-5A71-3EDA-835C-8C960560A5BB}.Release|x64.Build.0 = Release|x64
		{73725A41-5A71-3EDA-835C-8C960560A5BB}.MinSizeRel|x64.ActiveCfg = MinSizeRel|x64
		{73725A41-5A71-3EDA-835C-8C960560A5BB}.MinSizeRel|x64.Build.0 = MinSizeRel|x64
		{73725A41-5A71-3EDA-835C-8C960560A5BB}.RelWithDebInfo|x64.ActiveCfg = RelWithDebInfo|x64
		{73725A41-5A71-3EDA-835C-8C960560A5BB}.RelWithDebInfo|x64.Build.0 = RelWithDebInfo|x64
		{ED69D017-9553-345D-8FD7-9835290A2DC3}.Debug|x64.ActiveCfg = Debug|x64
		{ED69D017-9553-345D-8FD7-9835290A2DC3}.Debug|x64.Build.0 = Debug|x64
		{ED69D017-9553-345D-8FD7-9835290A2DC3}.Release|x64.ActiveCfg = Release|x64
		{ED69D017-9553-345D-8FD7-9835290A2DC3}.Release|x64.Build.0 = Release|x64
		{ED69D017-9553-345D-8FD7-9835290A2DC3}.MinSizeRel|x64.ActiveCfg = MinSizeRel|x64
		{ED69D017-9553-345D-8FD7-9835290A2DC3}.MinSizeRel|x64.Build.0 = MinSizeRel|x64
		{ED69D017-9553-345D-8FD7-9835290A2DC3}.RelWithDebInfo|x64.ActiveCfg = RelWithDebInfo|x64
		{ED69D017-9553-345D-8FD7-9835290A2DC3}.RelWithDebInfo|x64.Build.0 = RelWithDebInfo|x64
	EndGlobalSection
	GlobalSection(NestedProjects) = preSolution
		{CE94EBF0-2B2B-36D6-8D6E-1BC389505869} = {236C0489-3273-314D-BD23-147B040C19D6}
		{7AD0C913-1155-321D-8689-AB5C98C51CB1} = {236C0489-3273-314D-BD23-147B040C19D6}
		{9C281958-8BBB-3342-B647-78DC9904350B} = {236C0489-3273-314D-BD23-147B040C19D6}
	EndGlobalSection
	GlobalSection(ExtensibilityGlobals) = postSolution
		SolutionGuid = {94954A69-5533-3D2E-8FEE-B31F7F6D6578}
	EndGlobalSection
	GlobalSection(ExtensibilityAddIns) = postSolution
	EndGlobalSection
EndGlobal
